{
	"name": "gonfig",
	"version": "0.0.0",
	"lockfileVersion": 1,
	"requires": true,
	"dependencies": {
		"@parellin/lightmap": {
			"version": "0.0.9",
			"resolved": "https://registry.npmjs.org/@parellin/lightmap/-/lightmap-0.0.9.tgz",
			"integrity": "sha512-u26FOFsdH9CrZl+2n0mcAw9cJbFKjXP8hVf1+CR8tSG2TvvXtIc33hAMAH9MT3sk+QTPC96aIDdkNhsBhKUNuA=="
		}
	}
}
